
Microsoft Visual Studio Solution File, Format Version 12.00
Project("{FAE04EC0-301F-11D3-BF4B-00C04F79EFBC}") = "2048-ai", "2048-ai\2048-ai.csproj", "{4D79F634-5626-446A-B583-AF43B713553E}"
EndProject
Global
	GlobalSection(SolutionConfigurationPlatforms) = preSolution
		Debug|Any CPU = Debug|Any CPU
		Release|Any CPU = Release|Any CPU
	EndGlobalSection
	GlobalSection(ProjectConfigurationPlatforms) = postSolution
		{4D79F634-5626-446A-B583-AF43B713553E}.Debug|Any CPU.ActiveCfg = Debug|Any CPU
		{4D79F634-5626-446A-B583-AF43B713553E}.Debug|Any CPU.Build.0 = Debug|Any CPU
		{4D79F634-5626-446A-B583-AF43B713553E}.Release|Any CPU.ActiveCfg = Release|Any CPU
		{4D79F634-5626-446A-B583-AF43B713553E}.Release|Any CPU.Build.0 = Release|Any CPU
	EndGlobalSection
EndGlobal
